
Microsoft Visual Studio Solution File, Format Version 12.00
# Visual Studio Version 17
VisualStudioVersion = 17.12.35527.113
MinimumVisualStudioVersion = 10.0.40219.1
Project("{8BC9CEB8-8B4A-11D0-8D11-00A0C91BC942}") = "cpp_test", "cpp_test\cpp_test.vcxproj", "{86599629-100B-45FC-AF84-4F8E341D9F68}"
EndProject
Project("{8BC9CEB8-8B4A-11D0-8D11-00A0C91BC942}") = "pjt1", "pjt1\pjt1.vcxproj", "{D13777D0-34F1-447D-924D-AB4124A7CC78}"
EndProject
Global
	GlobalSection(SolutionConfigurationPlatforms) = preSolution
		Debug|x64 = Debug|x64
		Debug|x86 = Debug|x86
		Release|x64 = Release|x64
		Release|x86 = Release|x86
	EndGlobalSection
	GlobalSection(ProjectConfigurationPlatforms) = postSolution
		{86599629-100B-45FC-AF84-4F8E341D9F68}.Debug|x64.ActiveCfg = Debug|x64
		{86599629-100B-45FC-AF84-4F8E341D9F68}.Debug|x64.Build.0 = Debug|x64
		{86599629-100B-45FC-AF84-4F8E341D9F68}.Debug|x86.ActiveCfg = Debug|Win32
		{86599629-100B-45FC-AF84-4F8E341D9F68}.Debug|x86.Build.0 = Debug|Win32
		{86599629-100B-45FC-AF84-4F8E341D9F68}.Release|x64.ActiveCfg = Release|x64
		{86599629-100B-45FC-AF84-4F8E341D9F68}.Release|x64.Build.0 = Release|x64
		{86599629-100B-45FC-AF84-4F8E341D9F68}.Release|x86.ActiveCfg = Release|Win32
		{86599629-100B-45FC-AF84-4F8E341D9F68}.Release|x86.Build.0 = Release|Win32
		{D13777D0-34F1-447D-924D-AB4124A7CC78}.Debug|x64.ActiveCfg = Debug|x64
		{D13777D0-34F1-447D-924D-AB4124A7CC78}.Debug|x64.Build.0 = Debug|x64
		{D13777D0-34F1-447D-924D-AB4124A7CC78}.Debug|x86.ActiveCfg = Debug|Win32
		{D13777D0-34F1-447D-924D-AB4124A7CC78}.Debug|x86.Build.0 = Debug|Win32
		{D13777D0-34F1-447D-924D-AB4124A7CC78}.Release|x64.ActiveCfg = Release|x64
		{D13777D0-34F1-447D-924D-AB4124A7CC78}.Release|x64.Build.0 = Release|x64
		{D13777D0-34F1-447D-924D-AB4124A7CC78}.Release|x86.ActiveCfg = Release|Win32
		{D13777D0-34F1-447D-924D-AB4124A7CC78}.Release|x86.Build.0 = Release|Win32
	EndGlobalSection
	GlobalSection(SolutionProperties) = preSolution
		HideSolutionNode = FALSE
	EndGlobalSection
EndGlobal
