
Microsoft Visual Studio Solution File, Format Version 12.00
# Visual Studio Version 16
VisualStudioVersion = 16.0.37027.11
MinimumVisualStudioVersion = 10.0.40219.1
Project("{8BC9CEB8-8B4A-11D0-8D11-00A0C91BC942}") = "boj_11022_plus8", "boj_11022_plus8\boj_11022_plus8.vcxproj", "{553BBC12-107C-46F8-9328-CB7F99EA09BE}"
EndProject
Global
	GlobalSection(SolutionConfigurationPlatforms) = preSolution
		Debug|x64 = Debug|x64
		Debug|x86 = Debug|x86
		Release|x64 = Release|x64
		Release|x86 = Release|x86
	EndGlobalSection
	GlobalSection(ProjectConfigurationPlatforms) = postSolution
		{553BBC12-107C-46F8-9328-CB7F99EA09BE}.Debug|x64.ActiveCfg = Debug|x64
		{553BBC12-107C-46F8-9328-CB7F99EA09BE}.Debug|x64.Build.0 = Debug|x64
		{553BBC12-107C-46F8-9328-CB7F99EA09BE}.Debug|x86.ActiveCfg = Debug|Win32
		{553BBC12-107C-46F8-9328-CB7F99EA09BE}.Debug|x86.Build.0 = Debug|Win32
		{553BBC12-107C-46F8-9328-CB7F99EA09BE}.Release|x64.ActiveCfg = Release|x64
		{553BBC12-107C-46F8-9328-CB7F99EA09BE}.Release|x64.Build.0 = Release|x64
		{553BBC12-107C-46F8-9328-CB7F99EA09BE}.Release|x86.ActiveCfg = Release|Win32
		{553BBC12-107C-46F8-9328-CB7F99EA09BE}.Release|x86.Build.0 = Release|Win32
	EndGlobalSection
	GlobalSection(SolutionProperties) = preSolution
		HideSolutionNode = FALSE
	EndGlobalSection
	GlobalSection(ExtensibilityGlobals) = postSolution
		SolutionGuid = {61AD676C-E8DC-4771-BB71-A676932DEA34}
	EndGlobalSection
EndGlobal
